
Microsoft Visual Studio Solution File, Format Version 12.00
# Visual Studio Version 17
VisualStudioVersion = 17.0.31903.59
MinimumVisualStudioVersion = 10.0.40219.1
Project("{FAE04EC0-301F-11D3-BF4B-00C04F79EFBC}") = "GeoCidadao.GerenciamentoUsuariosAPI", "GeoCidadao.GerenciamentoUsuariosAPI\GeoCidadao.GerenciamentoUsuariosAPI.csproj", "{E5149C1B-4ECE-41E8-9DF5-EF0435590EB3}"
EndProject
Project("{FAE04EC0-301F-11D3-BF4B-00C04F79EFBC}") = "GeoCidadao.GerenciamentoPostsAPI", "GeoCidadao.GerenciamentoPostsAPI\GeoCidadao.GerenciamentoPostsAPI.csproj", "{FD8A2861-EEA3-47A4-B48B-3745398EF61A}"
EndProject
Project("{2150E333-8FDC-42A3-9474-1A3956D46DE8}") = "Libraries", "Libraries", "{CE0A6827-4CBD-4F22-AF33-B69E6C0350A6}"
EndProject
Project("{FAE04EC0-301F-11D3-BF4B-00C04F79EFBC}") = "GeoCidadao.AMQP", "Libraries\GeoCidadao.AMQP\GeoCidadao.AMQP.csproj", "{D13FA377-2BD5-4027-B5B9-E527126C6744}"
EndProject
Project("{FAE04EC0-301F-11D3-BF4B-00C04F79EFBC}") = "GeoCidadao.Caching", "Libraries\GeoCidadao.Caching\GeoCidadao.Caching.csproj", "{F8E272D1-5800-4C62-B63F-C59987860444}"
EndProject
Project("{FAE04EC0-301F-11D3-BF4B-00C04F79EFBC}") = "GeoCidadao.Cloud", "Libraries\GeoCidadao.Cloud\GeoCidadao.Cloud.csproj", "{3AC51F0C-1E84-4029-8E0A-9D926DAA385A}"
EndProject
Project("{FAE04EC0-301F-11D3-BF4B-00C04F79EFBC}") = "GeoCidadao.Database", "Libraries\GeoCidadao.Database\GeoCidadao.Database.csproj", "{C8F3850B-379A-4BA0-A563-43B437F665FA}"
EndProject
Project("{FAE04EC0-301F-11D3-BF4B-00C04F79EFBC}") = "GeoCidadao.Jobs", "Libraries\GeoCidadao.Jobs\GeoCidadao.Jobs.csproj", "{2279AD37-B3DC-4747-AB6B-5AEE277B92D4}"
EndProject
Project("{FAE04EC0-301F-11D3-BF4B-00C04F79EFBC}") = "GeoCidadao.MongoDatabase", "Libraries\GeoCidadao.MongoDatabase\GeoCidadao.MongoDatabase.csproj", "{B7A5746F-D45F-4EB3-91B0-2CF987DCAE60}"
EndProject
Project("{FAE04EC0-301F-11D3-BF4B-00C04F79EFBC}") = "GeoCidadao.Models", "Libraries\GeoCidadao.Models\GeoCidadao.Models.csproj", "{23970135-40B3-44B6-9C9F-1361D44C0E2B}"
EndProject
Project("{FAE04EC0-301F-11D3-BF4B-00C04F79EFBC}") = "GeoCidadao.OAuth", "Libraries\GeoCidadao.OAuth\GeoCidadao.OAuth.csproj", "{D723FA38-9B74-4985-8266-5F39861A6AA1}"
EndProject
Project("{2150E333-8FDC-42A3-9474-1A3956D46DE8}") = "Tests", "Tests", "{0AB3BF05-4346-4AA6-1389-037BE0695223}"
EndProject
Project("{2150E333-8FDC-42A3-9474-1A3956D46DE8}") = "Unit", "Unit", "{9D556B49-86D1-93A7-9596-FFAAB74EC556}"
EndProject
Project("{FAE04EC0-301F-11D3-BF4B-00C04F79EFBC}") = "GeoCidadao.GerenciamentoPostsAPI.UnitTests", "Tests\Unit\GeoCidadao.GerenciamentoPostsAPI.UnitTests\GeoCidadao.GerenciamentoPostsAPI.UnitTests.csproj", "{F29E55AC-4621-4F85-8407-E8E81E6439AC}"
EndProject
Project("{FAE04EC0-301F-11D3-BF4B-00C04F79EFBC}") = "GeoCidadao.GerenciamentoUsuariosAPI.UnitTests", "Tests\Unit\GeoCidadao.GerenciamentoUsuariosAPI.UnitTests\GeoCidadao.GerenciamentoUsuariosAPI.UnitTests.csproj", "{0A885F11-F1C9-4C03-A682-3AA4223A5C44}"
EndProject
Project("{2150E333-8FDC-42A3-9474-1A3956D46DE8}") = "Integration", "Integration", "{28A6993C-471E-82FE-7D9E-AD3B1EC22BD9}"
EndProject
Project("{FAE04EC0-301F-11D3-BF4B-00C04F79EFBC}") = "GeoCidadao.GerenciamentoPostsAPI.IntegrationTests", "Tests\Integration\GeoCidadao.GerenciamentoPostsAPI.IntegrationTests\GeoCidadao.GerenciamentoPostsAPI.IntegrationTests.csproj", "{1F85AEF8-7182-4293-9939-011ADFCCA546}"
EndProject
Project("{FAE04EC0-301F-11D3-BF4B-00C04F79EFBC}") = "GeoCidadao.GerenciamentoUsuariosAPI.IntegrationTests", "Tests\Integration\GeoCidadao.GerenciamentoUsuariosAPI.IntegrationTests\GeoCidadao.GerenciamentoUsuariosAPI.IntegrationTests.csproj", "{EA9E75EA-3A2E-47B4-B02E-AFC1A996BA3F}"
EndProject
Project("{FAE04EC0-301F-11D3-BF4B-00C04F79EFBC}") = "GeoCidadao.TestShared", "Tests\GeoCidadao.TestShared\GeoCidadao.TestShared.csproj", "{7D673A09-CA7F-4126-93B1-2886337DE01C}"
EndProject
Project("{2150E333-8FDC-42A3-9474-1A3956D46DE8}") = "WorkerServices", "WorkerServices", "{20543853-AF10-B830-2A3D-9FE9F6ECBF6C}"
EndProject
Project("{FAE04EC0-301F-11D3-BF4B-00C04F79EFBC}") = "GeoCidadao.PostIndexerWorker", "WorkerServices\GeoCidadao.PostIndexerWorker\GeoCidadao.PostIndexerWorker.csproj", "{E7C557E5-BBE5-4EA8-89EE-81050F53D9A3}"
EndProject
Project("{2150E333-8FDC-42A3-9474-1A3956D46DE8}") = "WorkerServices", "WorkerServices", "{440EEE67-EC2E-54FD-43EE-EDFE1F2ED40D}"
EndProject
Project("{FAE04EC0-301F-11D3-BF4B-00C04F79EFBC}") = "GeoCidadao.PostIndexerWorker.IntegrationTests", "Tests\Integration\WorkerServices\GeoCidadao.PostIndexerWorker.IntegrationTests\GeoCidadao.PostIndexerWorker.IntegrationTests.csproj", "{0A652AD0-9A46-4797-8599-1AD8AF362D92}"
EndProject
Project("{2150E333-8FDC-42A3-9474-1A3956D46DE8}") = "WorkerServices", "WorkerServices", "{A9C16BB3-22BB-53D6-829E-09D654F390F8}"
EndProject
Project("{FAE04EC0-301F-11D3-BF4B-00C04F79EFBC}") = "GeoCidadao.PostIndexerWorker.UnitTests", "Tests\Unit\WorkerServices\GeoCidadao.PostIndexerWorker.UnitTests\GeoCidadao.PostIndexerWorker.UnitTests.csproj", "{67236242-FF61-4F5E-9B49-F23EFB5864B7}"
EndProject
Project("{FAE04EC0-301F-11D3-BF4B-00C04F79EFBC}") = "GeoCidadao.EngagementServiceAPI", "GeoCidadao.EngagementServiceAPI\GeoCidadao.EngagementServiceAPI.csproj", "{4BE2C28F-D198-498B-BF62-0C5EE442C99E}"
EndProject
Project("{FAE04EC0-301F-11D3-BF4B-00C04F79EFBC}") = "GeoCidadao.EngagementServiceAPI.UnitTests", "Tests\Unit\GeoCidadao.EngagementServiceAPI.UnitTests\GeoCidadao.EngagementServiceAPI.UnitTests.csproj", "{5F918710-F070-4FA9-8942-6ACC9197A741}"
EndProject
Project("{FAE04EC0-301F-11D3-BF4B-00C04F79EFBC}") = "GeoCidadao.EngagementServiceAPI.IntegrationTests", "Tests\Integration\GeoCidadao.EngagementServiceAPI.IntegrationTests\GeoCidadao.EngagementServiceAPI.IntegrationTests.csproj", "{88B5A378-FF95-4A98-9E1A-A52151FF1EE7}"
EndProject
Project("{FAE04EC0-301F-11D3-BF4B-00C04F79EFBC}") = "GeoCidadao.RelevanceWorker", "WorkerServices\GeoCidadao.RelevanceWorker\GeoCidadao.RelevanceWorker.csproj", "{E891C861-E1B1-49BA-AA55-25D4A40FF974}"
EndProject
Project("{FAE04EC0-301F-11D3-BF4B-00C04F79EFBC}") = "GeoCidadao.RelevanceWorker.UnitTests", "Tests\Unit\WorkerServices\GeoCidadao.RelevanceWorker.UnitTests\GeoCidadao.RelevanceWorker.UnitTests.csproj", "{3A52BAE1-E920-4A37-BED6-C02CA3480DDE}"
EndProject
Project("{FAE04EC0-301F-11D3-BF4B-00C04F79EFBC}") = "GeoCidadao.RelevanceWorker.IntegrationTests", "Tests\Integration\WorkerServices\GeoCidadao.RelevanceWorker.IntegrationTests\GeoCidadao.RelevanceWorker.IntegrationTests.csproj", "{F1F11CD5-20DE-4BAB-A883-334E82F76AFD}"
EndProject
Global
	GlobalSection(SolutionConfigurationPlatforms) = preSolution
		Debug|Any CPU = Debug|Any CPU
		Debug|x64 = Debug|x64
		Debug|x86 = Debug|x86
		Release|Any CPU = Release|Any CPU
		Release|x64 = Release|x64
		Release|x86 = Release|x86
	EndGlobalSection
	GlobalSection(ProjectConfigurationPlatforms) = postSolution
		{E5149C1B-4ECE-41E8-9DF5-EF0435590EB3}.Debug|Any CPU.ActiveCfg = Debug|Any CPU
		{E5149C1B-4ECE-41E8-9DF5-EF0435590EB3}.Debug|Any CPU.Build.0 = Debug|Any CPU
		{E5149C1B-4ECE-41E8-9DF5-EF0435590EB3}.Debug|x64.ActiveCfg = Debug|Any CPU
		{E5149C1B-4ECE-41E8-9DF5-EF0435590EB3}.Debug|x64.Build.0 = Debug|Any CPU
		{E5149C1B-4ECE-41E8-9DF5-EF0435590EB3}.Debug|x86.ActiveCfg = Debug|Any CPU
		{E5149C1B-4ECE-41E8-9DF5-EF0435590EB3}.Debug|x86.Build.0 = Debug|Any CPU
		{E5149C1B-4ECE-41E8-9DF5-EF0435590EB3}.Release|Any CPU.ActiveCfg = Release|Any CPU
		{E5149C1B-4ECE-41E8-9DF5-EF0435590EB3}.Release|Any CPU.Build.0 = Release|Any CPU
		{E5149C1B-4ECE-41E8-9DF5-EF0435590EB3}.Release|x64.ActiveCfg = Release|Any CPU
		{E5149C1B-4ECE-41E8-9DF5-EF0435590EB3}.Release|x64.Build.0 = Release|Any CPU
		{E5149C1B-4ECE-41E8-9DF5-EF0435590EB3}.Release|x86.ActiveCfg = Release|Any CPU
		{E5149C1B-4ECE-41E8-9DF5-EF0435590EB3}.Release|x86.Build.0 = Release|Any CPU
		{FD8A2861-EEA3-47A4-B48B-3745398EF61A}.Debug|Any CPU.ActiveCfg = Debug|Any CPU
		{FD8A2861-EEA3-47A4-B48B-3745398EF61A}.Debug|Any CPU.Build.0 = Debug|Any CPU
		{FD8A2861-EEA3-47A4-B48B-3745398EF61A}.Debug|x64.ActiveCfg = Debug|Any CPU
		{FD8A2861-EEA3-47A4-B48B-3745398EF61A}.Debug|x64.Build.0 = Debug|Any CPU
		{FD8A2861-EEA3-47A4-B48B-3745398EF61A}.Debug|x86.ActiveCfg = Debug|Any CPU
		{FD8A2861-EEA3-47A4-B48B-3745398EF61A}.Debug|x86.Build.0 = Debug|Any CPU
		{FD8A2861-EEA3-47A4-B48B-3745398EF61A}.Release|Any CPU.ActiveCfg = Release|Any CPU
		{FD8A2861-EEA3-47A4-B48B-3745398EF61A}.Release|Any CPU.Build.0 = Release|Any CPU
		{FD8A2861-EEA3-47A4-B48B-3745398EF61A}.Release|x64.ActiveCfg = Release|Any CPU
		{FD8A2861-EEA3-47A4-B48B-3745398EF61A}.Release|x64.Build.0 = Release|Any CPU
		{FD8A2861-EEA3-47A4-B48B-3745398EF61A}.Release|x86.ActiveCfg = Release|Any CPU
		{FD8A2861-EEA3-47A4-B48B-3745398EF61A}.Release|x86.Build.0 = Release|Any CPU
		{D13FA377-2BD5-4027-B5B9-E527126C6744}.Debug|Any CPU.ActiveCfg = Debug|Any CPU
		{D13FA377-2BD5-4027-B5B9-E527126C6744}.Debug|Any CPU.Build.0 = Debug|Any CPU
		{D13FA377-2BD5-4027-B5B9-E527126C6744}.Debug|x64.ActiveCfg = Debug|Any CPU
		{D13FA377-2BD5-4027-B5B9-E527126C6744}.Debug|x64.Build.0 = Debug|Any CPU
		{D13FA377-2BD5-4027-B5B9-E527126C6744}.Debug|x86.ActiveCfg = Debug|Any CPU
		{D13FA377-2BD5-4027-B5B9-E527126C6744}.Debug|x86.Build.0 = Debug|Any CPU
		{D13FA377-2BD5-4027-B5B9-E527126C6744}.Release|Any CPU.ActiveCfg = Release|Any CPU
		{D13FA377-2BD5-4027-B5B9-E527126C6744}.Release|Any CPU.Build.0 = Release|Any CPU
		{D13FA377-2BD5-4027-B5B9-E527126C6744}.Release|x64.ActiveCfg = Release|Any CPU
		{D13FA377-2BD5-4027-B5B9-E527126C6744}.Release|x64.Build.0 = Release|Any CPU
		{D13FA377-2BD5-4027-B5B9-E527126C6744}.Release|x86.ActiveCfg = Release|Any CPU
		{D13FA377-2BD5-4027-B5B9-E527126C6744}.Release|x86.Build.0 = Release|Any CPU
		{F8E272D1-5800-4C62-B63F-C59987860444}.Debug|Any CPU.ActiveCfg = Debug|Any CPU
		{F8E272D1-5800-4C62-B63F-C59987860444}.Debug|Any CPU.Build.0 = Debug|Any CPU
		{F8E272D1-5800-4C62-B63F-C59987860444}.Debug|x64.ActiveCfg = Debug|Any CPU
		{F8E272D1-5800-4C62-B63F-C59987860444}.Debug|x64.Build.0 = Debug|Any CPU
		{F8E272D1-5800-4C62-B63F-C59987860444}.Debug|x86.ActiveCfg = Debug|Any CPU
		{F8E272D1-5800-4C62-B63F-C59987860444}.Debug|x86.Build.0 = Debug|Any CPU
		{F8E272D1-5800-4C62-B63F-C59987860444}.Release|Any CPU.ActiveCfg = Release|Any CPU
		{F8E272D1-5800-4C62-B63F-C59987860444}.Release|Any CPU.Build.0 = Release|Any CPU
		{F8E272D1-5800-4C62-B63F-C59987860444}.Release|x64.ActiveCfg = Release|Any CPU
		{F8E272D1-5800-4C62-B63F-C59987860444}.Release|x64.Build.0 = Release|Any CPU
		{F8E272D1-5800-4C62-B63F-C59987860444}.Release|x86.ActiveCfg = Release|Any CPU
		{F8E272D1-5800-4C62-B63F-C59987860444}.Release|x86.Build.0 = Release|Any CPU
		{3AC51F0C-1E84-4029-8E0A-9D926DAA385A}.Debug|Any CPU.ActiveCfg = Debug|Any CPU
		{3AC51F0C-1E84-4029-8E0A-9D926DAA385A}.Debug|Any CPU.Build.0 = Debug|Any CPU
		{3AC51F0C-1E84-4029-8E0A-9D926DAA385A}.Debug|x64.ActiveCfg = Debug|Any CPU
		{3AC51F0C-1E84-4029-8E0A-9D926DAA385A}.Debug|x64.Build.0 = Debug|Any CPU
		{3AC51F0C-1E84-4029-8E0A-9D926DAA385A}.Debug|x86.ActiveCfg = Debug|Any CPU
		{3AC51F0C-1E84-4029-8E0A-9D926DAA385A}.Debug|x86.Build.0 = Debug|Any CPU
		{3AC51F0C-1E84-4029-8E0A-9D926DAA385A}.Release|Any CPU.ActiveCfg = Release|Any CPU
		{3AC51F0C-1E84-4029-8E0A-9D926DAA385A}.Release|Any CPU.Build.0 = Release|Any CPU
		{3AC51F0C-1E84-4029-8E0A-9D926DAA385A}.Release|x64.ActiveCfg = Release|Any CPU
		{3AC51F0C-1E84-4029-8E0A-9D926DAA385A}.Release|x64.Build.0 = Release|Any CPU
		{3AC51F0C-1E84-4029-8E0A-9D926DAA385A}.Release|x86.ActiveCfg = Release|Any CPU
		{3AC51F0C-1E84-4029-8E0A-9D926DAA385A}.Release|x86.Build.0 = Release|Any CPU
		{C8F3850B-379A-4BA0-A563-43B437F665FA}.Debug|Any CPU.ActiveCfg = Debug|Any CPU
		{C8F3850B-379A-4BA0-A563-43B437F665FA}.Debug|Any CPU.Build.0 = Debug|Any CPU
		{C8F3850B-379A-4BA0-A563-43B437F665FA}.Debug|x64.ActiveCfg = Debug|Any CPU
		{C8F3850B-379A-4BA0-A563-43B437F665FA}.Debug|x64.Build.0 = Debug|Any CPU
		{C8F3850B-379A-4BA0-A563-43B437F665FA}.Debug|x86.ActiveCfg = Debug|Any CPU
		{C8F3850B-379A-4BA0-A563-43B437F665FA}.Debug|x86.Build.0 = Debug|Any CPU
		{C8F3850B-379A-4BA0-A563-43B437F665FA}.Release|Any CPU.ActiveCfg = Release|Any CPU
		{C8F3850B-379A-4BA0-A563-43B437F665FA}.Release|Any CPU.Build.0 = Release|Any CPU
		{C8F3850B-379A-4BA0-A563-43B437F665FA}.Release|x64.ActiveCfg = Release|Any CPU
		{C8F3850B-379A-4BA0-A563-43B437F665FA}.Release|x64.Build.0 = Release|Any CPU
		{C8F3850B-379A-4BA0-A563-43B437F665FA}.Release|x86.ActiveCfg = Release|Any CPU
		{C8F3850B-379A-4BA0-A563-43B437F665FA}.Release|x86.Build.0 = Release|Any CPU
		{2279AD37-B3DC-4747-AB6B-5AEE277B92D4}.Debug|Any CPU.ActiveCfg = Debug|Any CPU
		{2279AD37-B3DC-4747-AB6B-5AEE277B92D4}.Debug|Any CPU.Build.0 = Debug|Any CPU
		{2279AD37-B3DC-4747-AB6B-5AEE277B92D4}.Debug|x64.ActiveCfg = Debug|Any CPU
		{2279AD37-B3DC-4747-AB6B-5AEE277B92D4}.Debug|x64.Build.0 = Debug|Any CPU
		{2279AD37-B3DC-4747-AB6B-5AEE277B92D4}.Debug|x86.ActiveCfg = Debug|Any CPU
		{2279AD37-B3DC-4747-AB6B-5AEE277B92D4}.Debug|x86.Build.0 = Debug|Any CPU
		{2279AD37-B3DC-4747-AB6B-5AEE277B92D4}.Release|Any CPU.ActiveCfg = Release|Any CPU
		{2279AD37-B3DC-4747-AB6B-5AEE277B92D4}.Release|Any CPU.Build.0 = Release|Any CPU
		{2279AD37-B3DC-4747-AB6B-5AEE277B92D4}.Release|x64.ActiveCfg = Release|Any CPU
		{2279AD37-B3DC-4747-AB6B-5AEE277B92D4}.Release|x64.Build.0 = Release|Any CPU
		{2279AD37-B3DC-4747-AB6B-5AEE277B92D4}.Release|x86.ActiveCfg = Release|Any CPU
		{2279AD37-B3DC-4747-AB6B-5AEE277B92D4}.Release|x86.Build.0 = Release|Any CPU
		{B7A5746F-D45F-4EB3-91B0-2CF987DCAE60}.Debug|Any CPU.ActiveCfg = Debug|Any CPU
		{B7A5746F-D45F-4EB3-91B0-2CF987DCAE60}.Debug|Any CPU.Build.0 = Debug|Any CPU
		{B7A5746F-D45F-4EB3-91B0-2CF987DCAE60}.Debug|x64.ActiveCfg = Debug|Any CPU
		{B7A5746F-D45F-4EB3-91B0-2CF987DCAE60}.Debug|x64.Build.0 = Debug|Any CPU
		{B7A5746F-D45F-4EB3-91B0-2CF987DCAE60}.Debug|x86.ActiveCfg = Debug|Any CPU
		{B7A5746F-D45F-4EB3-91B0-2CF987DCAE60}.Debug|x86.Build.0 = Debug|Any CPU
		{B7A5746F-D45F-4EB3-91B0-2CF987DCAE60}.Release|Any CPU.ActiveCfg = Release|Any CPU
		{B7A5746F-D45F-4EB3-91B0-2CF987DCAE60}.Release|Any CPU.Build.0 = Release|Any CPU
		{B7A5746F-D45F-4EB3-91B0-2CF987DCAE60}.Release|x64.ActiveCfg = Release|Any CPU
		{B7A5746F-D45F-4EB3-91B0-2CF987DCAE60}.Release|x64.Build.0 = Release|Any CPU
		{B7A5746F-D45F-4EB3-91B0-2CF987DCAE60}.Release|x86.ActiveCfg = Release|Any CPU
		{B7A5746F-D45F-4EB3-91B0-2CF987DCAE60}.Release|x86.Build.0 = Release|Any CPU
		{23970135-40B3-44B6-9C9F-1361D44C0E2B}.Debug|Any CPU.ActiveCfg = Debug|Any CPU
		{23970135-40B3-44B6-9C9F-1361D44C0E2B}.Debug|Any CPU.Build.0 = Debug|Any CPU
		{23970135-40B3-44B6-9C9F-1361D44C0E2B}.Debug|x64.ActiveCfg = Debug|Any CPU
		{23970135-40B3-44B6-9C9F-1361D44C0E2B}.Debug|x64.Build.0 = Debug|Any CPU
		{23970135-40B3-44B6-9C9F-1361D44C0E2B}.Debug|x86.ActiveCfg = Debug|Any CPU
		{23970135-40B3-44B6-9C9F-1361D44C0E2B}.Debug|x86.Build.0 = Debug|Any CPU
		{23970135-40B3-44B6-9C9F-1361D44C0E2B}.Release|Any CPU.ActiveCfg = Release|Any CPU
		{23970135-40B3-44B6-9C9F-1361D44C0E2B}.Release|Any CPU.Build.0 = Release|Any CPU
		{23970135-40B3-44B6-9C9F-1361D44C0E2B}.Release|x64.ActiveCfg = Release|Any CPU
		{23970135-40B3-44B6-9C9F-1361D44C0E2B}.Release|x64.Build.0 = Release|Any CPU
		{23970135-40B3-44B6-9C9F-1361D44C0E2B}.Release|x86.ActiveCfg = Release|Any CPU
		{23970135-40B3-44B6-9C9F-1361D44C0E2B}.Release|x86.Build.0 = Release|Any CPU
		{D723FA38-9B74-4985-8266-5F39861A6AA1}.Debug|Any CPU.ActiveCfg = Debug|Any CPU
		{D723FA38-9B74-4985-8266-5F39861A6AA1}.Debug|Any CPU.Build.0 = Debug|Any CPU
		{D723FA38-9B74-4985-8266-5F39861A6AA1}.Debug|x64.ActiveCfg = Debug|Any CPU
		{D723FA38-9B74-4985-8266-5F39861A6AA1}.Debug|x64.Build.0 = Debug|Any CPU
		{D723FA38-9B74-4985-8266-5F39861A6AA1}.Debug|x86.ActiveCfg = Debug|Any CPU
		{D723FA38-9B74-4985-8266-5F39861A6AA1}.Debug|x86.Build.0 = Debug|Any CPU
		{D723FA38-9B74-4985-8266-5F39861A6AA1}.Release|Any CPU.ActiveCfg = Release|Any CPU
		{D723FA38-9B74-4985-8266-5F39861A6AA1}.Release|Any CPU.Build.0 = Release|Any CPU
		{D723FA38-9B74-4985-8266-5F39861A6AA1}.Release|x64.ActiveCfg = Release|Any CPU
		{D723FA38-9B74-4985-8266-5F39861A6AA1}.Release|x64.Build.0 = Release|Any CPU
		{D723FA38-9B74-4985-8266-5F39861A6AA1}.Release|x86.ActiveCfg = Release|Any CPU
		{D723FA38-9B74-4985-8266-5F39861A6AA1}.Release|x86.Build.0 = Release|Any CPU
		{F29E55AC-4621-4F85-8407-E8E81E6439AC}.Debug|Any CPU.ActiveCfg = Debug|Any CPU
		{F29E55AC-4621-4F85-8407-E8E81E6439AC}.Debug|Any CPU.Build.0 = Debug|Any CPU
		{F29E55AC-4621-4F85-8407-E8E81E6439AC}.Debug|x64.ActiveCfg = Debug|Any CPU
		{F29E55AC-4621-4F85-8407-E8E81E6439AC}.Debug|x64.Build.0 = Debug|Any CPU
		{F29E55AC-4621-4F85-8407-E8E81E6439AC}.Debug|x86.ActiveCfg = Debug|Any CPU
		{F29E55AC-4621-4F85-8407-E8E81E6439AC}.Debug|x86.Build.0 = Debug|Any CPU
		{F29E55AC-4621-4F85-8407-E8E81E6439AC}.Release|Any CPU.ActiveCfg = Release|Any CPU
		{F29E55AC-4621-4F85-8407-E8E81E6439AC}.Release|Any CPU.Build.0 = Release|Any CPU
		{F29E55AC-4621-4F85-8407-E8E81E6439AC}.Release|x64.ActiveCfg = Release|Any CPU
		{F29E55AC-4621-4F85-8407-E8E81E6439AC}.Release|x64.Build.0 = Release|Any CPU
		{F29E55AC-4621-4F85-8407-E8E81E6439AC}.Release|x86.ActiveCfg = Release|Any CPU
		{F29E55AC-4621-4F85-8407-E8E81E6439AC}.Release|x86.Build.0 = Release|Any CPU
		{0A885F11-F1C9-4C03-A682-3AA4223A5C44}.Debug|Any CPU.ActiveCfg = Debug|Any CPU
		{0A885F11-F1C9-4C03-A682-3AA4223A5C44}.Debug|Any CPU.Build.0 = Debug|Any CPU
		{0A885F11-F1C9-4C03-A682-3AA4223A5C44}.Debug|x64.ActiveCfg = Debug|Any CPU
		{0A885F11-F1C9-4C03-A682-3AA4223A5C44}.Debug|x64.Build.0 = Debug|Any CPU
		{0A885F11-F1C9-4C03-A682-3AA4223A5C44}.Debug|x86.ActiveCfg = Debug|Any CPU
		{0A885F11-F1C9-4C03-A682-3AA4223A5C44}.Debug|x86.Build.0 = Debug|Any CPU
		{0A885F11-F1C9-4C03-A682-3AA4223A5C44}.Release|Any CPU.ActiveCfg = Release|Any CPU
		{0A885F11-F1C9-4C03-A682-3AA4223A5C44}.Release|Any CPU.Build.0 = Release|Any CPU
		{0A885F11-F1C9-4C03-A682-3AA4223A5C44}.Release|x64.ActiveCfg = Release|Any CPU
		{0A885F11-F1C9-4C03-A682-3AA4223A5C44}.Release|x64.Build.0 = Release|Any CPU
		{0A885F11-F1C9-4C03-A682-3AA4223A5C44}.Release|x86.ActiveCfg = Release|Any CPU
		{0A885F11-F1C9-4C03-A682-3AA4223A5C44}.Release|x86.Build.0 = Release|Any CPU
		{1F85AEF8-7182-4293-9939-011ADFCCA546}.Debug|Any CPU.ActiveCfg = Debug|Any CPU
		{1F85AEF8-7182-4293-9939-011ADFCCA546}.Debug|Any CPU.Build.0 = Debug|Any CPU
		{1F85AEF8-7182-4293-9939-011ADFCCA546}.Debug|x64.ActiveCfg = Debug|Any CPU
		{1F85AEF8-7182-4293-9939-011ADFCCA546}.Debug|x64.Build.0 = Debug|Any CPU
		{1F85AEF8-7182-4293-9939-011ADFCCA546}.Debug|x86.ActiveCfg = Debug|Any CPU
		{1F85AEF8-7182-4293-9939-011ADFCCA546}.Debug|x86.Build.0 = Debug|Any CPU
		{1F85AEF8-7182-4293-9939-011ADFCCA546}.Release|Any CPU.ActiveCfg = Release|Any CPU
		{1F85AEF8-7182-4293-9939-011ADFCCA546}.Release|Any CPU.Build.0 = Release|Any CPU
		{1F85AEF8-7182-4293-9939-011ADFCCA546}.Release|x64.ActiveCfg = Release|Any CPU
		{1F85AEF8-7182-4293-9939-011ADFCCA546}.Release|x64.Build.0 = Release|Any CPU
		{1F85AEF8-7182-4293-9939-011ADFCCA546}.Release|x86.ActiveCfg = Release|Any CPU
		{1F85AEF8-7182-4293-9939-011ADFCCA546}.Release|x86.Build.0 = Release|Any CPU
		{EA9E75EA-3A2E-47B4-B02E-AFC1A996BA3F}.Debug|Any CPU.ActiveCfg = Debug|Any CPU
		{EA9E75EA-3A2E-47B4-B02E-AFC1A996BA3F}.Debug|Any CPU.Build.0 = Debug|Any CPU
		{EA9E75EA-3A2E-47B4-B02E-AFC1A996BA3F}.Debug|x64.ActiveCfg = Debug|Any CPU
		{EA9E75EA-3A2E-47B4-B02E-AFC1A996BA3F}.Debug|x64.Build.0 = Debug|Any CPU
		{EA9E75EA-3A2E-47B4-B02E-AFC1A996BA3F}.Debug|x86.ActiveCfg = Debug|Any CPU
		{EA9E75EA-3A2E-47B4-B02E-AFC1A996BA3F}.Debug|x86.Build.0 = Debug|Any CPU
		{EA9E75EA-3A2E-47B4-B02E-AFC1A996BA3F}.Release|Any CPU.ActiveCfg = Release|Any CPU
		{EA9E75EA-3A2E-47B4-B02E-AFC1A996BA3F}.Release|Any CPU.Build.0 = Release|Any CPU
		{EA9E75EA-3A2E-47B4-B02E-AFC1A996BA3F}.Release|x64.ActiveCfg = Release|Any CPU
		{EA9E75EA-3A2E-47B4-B02E-AFC1A996BA3F}.Release|x64.Build.0 = Release|Any CPU
		{EA9E75EA-3A2E-47B4-B02E-AFC1A996BA3F}.Release|x86.ActiveCfg = Release|Any CPU
		{EA9E75EA-3A2E-47B4-B02E-AFC1A996BA3F}.Release|x86.Build.0 = Release|Any CPU
		{7D673A09-CA7F-4126-93B1-2886337DE01C}.Debug|Any CPU.ActiveCfg = Debug|Any CPU
		{7D673A09-CA7F-4126-93B1-2886337DE01C}.Debug|Any CPU.Build.0 = Debug|Any CPU
		{7D673A09-CA7F-4126-93B1-2886337DE01C}.Debug|x64.ActiveCfg = Debug|Any CPU
		{7D673A09-CA7F-4126-93B1-2886337DE01C}.Debug|x64.Build.0 = Debug|Any CPU
		{7D673A09-CA7F-4126-93B1-2886337DE01C}.Debug|x86.ActiveCfg = Debug|Any CPU
		{7D673A09-CA7F-4126-93B1-2886337DE01C}.Debug|x86.Build.0 = Debug|Any CPU
		{7D673A09-CA7F-4126-93B1-2886337DE01C}.Release|Any CPU.ActiveCfg = Release|Any CPU
		{7D673A09-CA7F-4126-93B1-2886337DE01C}.Release|Any CPU.Build.0 = Release|Any CPU
		{7D673A09-CA7F-4126-93B1-2886337DE01C}.Release|x64.ActiveCfg = Release|Any CPU
		{7D673A09-CA7F-4126-93B1-2886337DE01C}.Release|x64.Build.0 = Release|Any CPU
		{7D673A09-CA7F-4126-93B1-2886337DE01C}.Release|x86.ActiveCfg = Release|Any CPU
		{7D673A09-CA7F-4126-93B1-2886337DE01C}.Release|x86.Build.0 = Release|Any CPU
		{E7C557E5-BBE5-4EA8-89EE-81050F53D9A3}.Debug|Any CPU.ActiveCfg = Debug|Any CPU
		{E7C557E5-BBE5-4EA8-89EE-81050F53D9A3}.Debug|Any CPU.Build.0 = Debug|Any CPU
		{E7C557E5-BBE5-4EA8-89EE-81050F53D9A3}.Debug|x64.ActiveCfg = Debug|Any CPU
		{E7C557E5-BBE5-4EA8-89EE-81050F53D9A3}.Debug|x64.Build.0 = Debug|Any CPU
		{E7C557E5-BBE5-4EA8-89EE-81050F53D9A3}.Debug|x86.ActiveCfg = Debug|Any CPU
		{E7C557E5-BBE5-4EA8-89EE-81050F53D9A3}.Debug|x86.Build.0 = Debug|Any CPU
		{E7C557E5-BBE5-4EA8-89EE-81050F53D9A3}.Release|Any CPU.ActiveCfg = Release|Any CPU
		{E7C557E5-BBE5-4EA8-89EE-81050F53D9A3}.Release|Any CPU.Build.0 = Release|Any CPU
		{E7C557E5-BBE5-4EA8-89EE-81050F53D9A3}.Release|x64.ActiveCfg = Release|Any CPU
		{E7C557E5-BBE5-4EA8-89EE-81050F53D9A3}.Release|x64.Build.0 = Release|Any CPU
		{E7C557E5-BBE5-4EA8-89EE-81050F53D9A3}.Release|x86.ActiveCfg = Release|Any CPU
		{E7C557E5-BBE5-4EA8-89EE-81050F53D9A3}.Release|x86.Build.0 = Release|Any CPU
		{0A652AD0-9A46-4797-8599-1AD8AF362D92}.Debug|Any CPU.ActiveCfg = Debug|Any CPU
		{0A652AD0-9A46-4797-8599-1AD8AF362D92}.Debug|Any CPU.Build.0 = Debug|Any CPU
		{0A652AD0-9A46-4797-8599-1AD8AF362D92}.Debug|x64.ActiveCfg = Debug|Any CPU
		{0A652AD0-9A46-4797-8599-1AD8AF362D92}.Debug|x64.Build.0 = Debug|Any CPU
		{0A652AD0-9A46-4797-8599-1AD8AF362D92}.Debug|x86.ActiveCfg = Debug|Any CPU
		{0A652AD0-9A46-4797-8599-1AD8AF362D92}.Debug|x86.Build.0 = Debug|Any CPU
		{0A652AD0-9A46-4797-8599-1AD8AF362D92}.Release|Any CPU.ActiveCfg = Release|Any CPU
		{0A652AD0-9A46-4797-8599-1AD8AF362D92}.Release|Any CPU.Build.0 = Release|Any CPU
		{0A652AD0-9A46-4797-8599-1AD8AF362D92}.Release|x64.ActiveCfg = Release|Any CPU
		{0A652AD0-9A46-4797-8599-1AD8AF362D92}.Release|x64.Build.0 = Release|Any CPU
		{0A652AD0-9A46-4797-8599-1AD8AF362D92}.Release|x86.ActiveCfg = Release|Any CPU
		{0A652AD0-9A46-4797-8599-1AD8AF362D92}.Release|x86.Build.0 = Release|Any CPU
		{67236242-FF61-4F5E-9B49-F23EFB5864B7}.Debug|Any CPU.ActiveCfg = Debug|Any CPU
		{67236242-FF61-4F5E-9B49-F23EFB5864B7}.Debug|Any CPU.Build.0 = Debug|Any CPU
		{67236242-FF61-4F5E-9B49-F23EFB5864B7}.Debug|x64.ActiveCfg = Debug|Any CPU
		{67236242-FF61-4F5E-9B49-F23EFB5864B7}.Debug|x64.Build.0 = Debug|Any CPU
		{67236242-FF61-4F5E-9B49-F23EFB5864B7}.Debug|x86.ActiveCfg = Debug|Any CPU
		{67236242-FF61-4F5E-9B49-F23EFB5864B7}.Debug|x86.Build.0 = Debug|Any CPU
		{67236242-FF61-4F5E-9B49-F23EFB5864B7}.Release|Any CPU.ActiveCfg = Release|Any CPU
		{67236242-FF61-4F5E-9B49-F23EFB5864B7}.Release|Any CPU.Build.0 = Release|Any CPU
		{67236242-FF61-4F5E-9B49-F23EFB5864B7}.Release|x64.ActiveCfg = Release|Any CPU
		{67236242-FF61-4F5E-9B49-F23EFB5864B7}.Release|x64.Build.0 = Release|Any CPU
		{67236242-FF61-4F5E-9B49-F23EFB5864B7}.Release|x86.ActiveCfg = Release|Any CPU
		{67236242-FF61-4F5E-9B49-F23EFB5864B7}.Release|x86.Build.0 = Release|Any CPU
		{4BE2C28F-D198-498B-BF62-0C5EE442C99E}.Debug|Any CPU.ActiveCfg = Debug|Any CPU
		{4BE2C28F-D198-498B-BF62-0C5EE442C99E}.Debug|Any CPU.Build.0 = Debug|Any CPU
		{4BE2C28F-D198-498B-BF62-0C5EE442C99E}.Debug|x64.ActiveCfg = Debug|Any CPU
		{4BE2C28F-D198-498B-BF62-0C5EE442C99E}.Debug|x64.Build.0 = Debug|Any CPU
		{4BE2C28F-D198-498B-BF62-0C5EE442C99E}.Debug|x86.ActiveCfg = Debug|Any CPU
		{4BE2C28F-D198-498B-BF62-0C5EE442C99E}.Debug|x86.Build.0 = Debug|Any CPU
		{4BE2C28F-D198-498B-BF62-0C5EE442C99E}.Release|Any CPU.ActiveCfg = Release|Any CPU
		{4BE2C28F-D198-498B-BF62-0C5EE442C99E}.Release|Any CPU.Build.0 = Release|Any CPU
		{4BE2C28F-D198-498B-BF62-0C5EE442C99E}.Release|x64.ActiveCfg = Release|Any CPU
		{4BE2C28F-D198-498B-BF62-0C5EE442C99E}.Release|x64.Build.0 = Release|Any CPU
		{4BE2C28F-D198-498B-BF62-0C5EE442C99E}.Release|x86.ActiveCfg = Release|Any CPU
		{4BE2C28F-D198-498B-BF62-0C5EE442C99E}.Release|x86.Build.0 = Release|Any CPU
		{5F918710-F070-4FA9-8942-6ACC9197A741}.Debug|Any CPU.ActiveCfg = Debug|Any CPU
		{5F918710-F070-4FA9-8942-6ACC9197A741}.Debug|Any CPU.Build.0 = Debug|Any CPU
		{5F918710-F070-4FA9-8942-6ACC9197A741}.Debug|x64.ActiveCfg = Debug|Any CPU
		{5F918710-F070-4FA9-8942-6ACC9197A741}.Debug|x64.Build.0 = Debug|Any CPU
		{5F918710-F070-4FA9-8942-6ACC9197A741}.Debug|x86.ActiveCfg = Debug|Any CPU
		{5F918710-F070-4FA9-8942-6ACC9197A741}.Debug|x86.Build.0 = Debug|Any CPU
		{5F918710-F070-4FA9-8942-6ACC9197A741}.Release|Any CPU.ActiveCfg = Release|Any CPU
		{5F918710-F070-4FA9-8942-6ACC9197A741}.Release|Any CPU.Build.0 = Release|Any CPU
		{5F918710-F070-4FA9-8942-6ACC9197A741}.Release|x64.ActiveCfg = Release|Any CPU
		{5F918710-F070-4FA9-8942-6ACC9197A741}.Release|x64.Build.0 = Release|Any CPU
		{5F918710-F070-4FA9-8942-6ACC9197A741}.Release|x86.ActiveCfg = Release|Any CPU
		{5F918710-F070-4FA9-8942-6ACC9197A741}.Release|x86.Build.0 = Release|Any CPU
		{88B5A378-FF95-4A98-9E1A-A52151FF1EE7}.Debug|Any CPU.ActiveCfg = Debug|Any CPU
		{88B5A378-FF95-4A98-9E1A-A52151FF1EE7}.Debug|Any CPU.Build.0 = Debug|Any CPU
		{88B5A378-FF95-4A98-9E1A-A52151FF1EE7}.Debug|x64.ActiveCfg = Debug|Any CPU
		{88B5A378-FF95-4A98-9E1A-A52151FF1EE7}.Debug|x64.Build.0 = Debug|Any CPU
		{88B5A378-FF95-4A98-9E1A-A52151FF1EE7}.Debug|x86.ActiveCfg = Debug|Any CPU
		{88B5A378-FF95-4A98-9E1A-A52151FF1EE7}.Debug|x86.Build.0 = Debug|Any CPU
		{88B5A378-FF95-4A98-9E1A-A52151FF1EE7}.Release|Any CPU.ActiveCfg = Release|Any CPU
		{88B5A378-FF95-4A98-9E1A-A52151FF1EE7}.Release|Any CPU.Build.0 = Release|Any CPU
		{88B5A378-FF95-4A98-9E1A-A52151FF1EE7}.Release|x64.ActiveCfg = Release|Any CPU
		{88B5A378-FF95-4A98-9E1A-A52151FF1EE7}.Release|x64.Build.0 = Release|Any CPU
		{88B5A378-FF95-4A98-9E1A-A52151FF1EE7}.Release|x86.ActiveCfg = Release|Any CPU
		{88B5A378-FF95-4A98-9E1A-A52151FF1EE7}.Release|x86.Build.0 = Release|Any CPU
		{E891C861-E1B1-49BA-AA55-25D4A40FF974}.Debug|Any CPU.ActiveCfg = Debug|Any CPU
		{E891C861-E1B1-49BA-AA55-25D4A40FF974}.Debug|Any CPU.Build.0 = Debug|Any CPU
		{E891C861-E1B1-49BA-AA55-25D4A40FF974}.Debug|x64.ActiveCfg = Debug|Any CPU
		{E891C861-E1B1-49BA-AA55-25D4A40FF974}.Debug|x64.Build.0 = Debug|Any CPU
		{E891C861-E1B1-49BA-AA55-25D4A40FF974}.Debug|x86.ActiveCfg = Debug|Any CPU
		{E891C861-E1B1-49BA-AA55-25D4A40FF974}.Debug|x86.Build.0 = Debug|Any CPU
		{E891C861-E1B1-49BA-AA55-25D4A40FF974}.Release|Any CPU.ActiveCfg = Release|Any CPU
		{E891C861-E1B1-49BA-AA55-25D4A40FF974}.Release|Any CPU.Build.0 = Release|Any CPU
		{E891C861-E1B1-49BA-AA55-25D4A40FF974}.Release|x64.ActiveCfg = Release|Any CPU
		{E891C861-E1B1-49BA-AA55-25D4A40FF974}.Release|x64.Build.0 = Release|Any CPU
		{E891C861-E1B1-49BA-AA55-25D4A40FF974}.Release|x86.ActiveCfg = Release|Any CPU
		{E891C861-E1B1-49BA-AA55-25D4A40FF974}.Release|x86.Build.0 = Release|Any CPU
		{3A52BAE1-E920-4A37-BED6-C02CA3480DDE}.Debug|Any CPU.ActiveCfg = Debug|Any CPU
		{3A52BAE1-E920-4A37-BED6-C02CA3480DDE}.Debug|Any CPU.Build.0 = Debug|Any CPU
		{3A52BAE1-E920-4A37-BED6-C02CA3480DDE}.Debug|x64.ActiveCfg = Debug|Any CPU
		{3A52BAE1-E920-4A37-BED6-C02CA3480DDE}.Debug|x64.Build.0 = Debug|Any CPU
		{3A52BAE1-E920-4A37-BED6-C02CA3480DDE}.Debug|x86.ActiveCfg = Debug|Any CPU
		{3A52BAE1-E920-4A37-BED6-C02CA3480DDE}.Debug|x86.Build.0 = Debug|Any CPU
		{3A52BAE1-E920-4A37-BED6-C02CA3480DDE}.Release|Any CPU.ActiveCfg = Release|Any CPU
		{3A52BAE1-E920-4A37-BED6-C02CA3480DDE}.Release|Any CPU.Build.0 = Release|Any CPU
		{3A52BAE1-E920-4A37-BED6-C02CA3480DDE}.Release|x64.ActiveCfg = Release|Any CPU
		{3A52BAE1-E920-4A37-BED6-C02CA3480DDE}.Release|x64.Build.0 = Release|Any CPU
		{3A52BAE1-E920-4A37-BED6-C02CA3480DDE}.Release|x86.ActiveCfg = Release|Any CPU
		{3A52BAE1-E920-4A37-BED6-C02CA3480DDE}.Release|x86.Build.0 = Release|Any CPU
		{F1F11CD5-20DE-4BAB-A883-334E82F76AFD}.Debug|Any CPU.ActiveCfg = Debug|Any CPU
		{F1F11CD5-20DE-4BAB-A883-334E82F76AFD}.Debug|Any CPU.Build.0 = Debug|Any CPU
		{F1F11CD5-20DE-4BAB-A883-334E82F76AFD}.Debug|x64.ActiveCfg = Debug|Any CPU
		{F1F11CD5-20DE-4BAB-A883-334E82F76AFD}.Debug|x64.Build.0 = Debug|Any CPU
		{F1F11CD5-20DE-4BAB-A883-334E82F76AFD}.Debug|x86.ActiveCfg = Debug|Any CPU
		{F1F11CD5-20DE-4BAB-A883-334E82F76AFD}.Debug|x86.Build.0 = Debug|Any CPU
		{F1F11CD5-20DE-4BAB-A883-334E82F76AFD}.Release|Any CPU.ActiveCfg = Release|Any CPU
		{F1F11CD5-20DE-4BAB-A883-334E82F76AFD}.Release|Any CPU.Build.0 = Release|Any CPU
		{F1F11CD5-20DE-4BAB-A883-334E82F76AFD}.Release|x64.ActiveCfg = Release|Any CPU
		{F1F11CD5-20DE-4BAB-A883-334E82F76AFD}.Release|x64.Build.0 = Release|Any CPU
		{F1F11CD5-20DE-4BAB-A883-334E82F76AFD}.Release|x86.ActiveCfg = Release|Any CPU
		{F1F11CD5-20DE-4BAB-A883-334E82F76AFD}.Release|x86.Build.0 = Release|Any CPU
	EndGlobalSection
	GlobalSection(SolutionProperties) = preSolution
		HideSolutionNode = FALSE
	EndGlobalSection
	GlobalSection(NestedProjects) = preSolution
		{D13FA377-2BD5-4027-B5B9-E527126C6744} = {CE0A6827-4CBD-4F22-AF33-B69E6C0350A6}
		{F8E272D1-5800-4C62-B63F-C59987860444} = {CE0A6827-4CBD-4F22-AF33-B69E6C0350A6}
		{3AC51F0C-1E84-4029-8E0A-9D926DAA385A} = {CE0A6827-4CBD-4F22-AF33-B69E6C0350A6}
		{C8F3850B-379A-4BA0-A563-43B437F665FA} = {CE0A6827-4CBD-4F22-AF33-B69E6C0350A6}
		{2279AD37-B3DC-4747-AB6B-5AEE277B92D4} = {CE0A6827-4CBD-4F22-AF33-B69E6C0350A6}
		{B7A5746F-D45F-4EB3-91B0-2CF987DCAE60} = {CE0A6827-4CBD-4F22-AF33-B69E6C0350A6}
		{23970135-40B3-44B6-9C9F-1361D44C0E2B} = {CE0A6827-4CBD-4F22-AF33-B69E6C0350A6}
		{D723FA38-9B74-4985-8266-5F39861A6AA1} = {CE0A6827-4CBD-4F22-AF33-B69E6C0350A6}
		{9D556B49-86D1-93A7-9596-FFAAB74EC556} = {0AB3BF05-4346-4AA6-1389-037BE0695223}
		{F29E55AC-4621-4F85-8407-E8E81E6439AC} = {9D556B49-86D1-93A7-9596-FFAAB74EC556}
		{0A885F11-F1C9-4C03-A682-3AA4223A5C44} = {9D556B49-86D1-93A7-9596-FFAAB74EC556}
		{28A6993C-471E-82FE-7D9E-AD3B1EC22BD9} = {0AB3BF05-4346-4AA6-1389-037BE0695223}
		{1F85AEF8-7182-4293-9939-011ADFCCA546} = {28A6993C-471E-82FE-7D9E-AD3B1EC22BD9}
		{EA9E75EA-3A2E-47B4-B02E-AFC1A996BA3F} = {28A6993C-471E-82FE-7D9E-AD3B1EC22BD9}
		{7D673A09-CA7F-4126-93B1-2886337DE01C} = {0AB3BF05-4346-4AA6-1389-037BE0695223}
		{E7C557E5-BBE5-4EA8-89EE-81050F53D9A3} = {20543853-AF10-B830-2A3D-9FE9F6ECBF6C}
		{440EEE67-EC2E-54FD-43EE-EDFE1F2ED40D} = {28A6993C-471E-82FE-7D9E-AD3B1EC22BD9}
		{0A652AD0-9A46-4797-8599-1AD8AF362D92} = {440EEE67-EC2E-54FD-43EE-EDFE1F2ED40D}
		{A9C16BB3-22BB-53D6-829E-09D654F390F8} = {9D556B49-86D1-93A7-9596-FFAAB74EC556}
		{67236242-FF61-4F5E-9B49-F23EFB5864B7} = {A9C16BB3-22BB-53D6-829E-09D654F390F8}
		{5F918710-F070-4FA9-8942-6ACC9197A741} = {9D556B49-86D1-93A7-9596-FFAAB74EC556}
		{88B5A378-FF95-4A98-9E1A-A52151FF1EE7} = {28A6993C-471E-82FE-7D9E-AD3B1EC22BD9}
		{E891C861-E1B1-49BA-AA55-25D4A40FF974} = {20543853-AF10-B830-2A3D-9FE9F6ECBF6C}
		{3A52BAE1-E920-4A37-BED6-C02CA3480DDE} = {A9C16BB3-22BB-53D6-829E-09D654F390F8}
		{F1F11CD5-20DE-4BAB-A883-334E82F76AFD} = {440EEE67-EC2E-54FD-43EE-EDFE1F2ED40D}
	EndGlobalSection
EndGlobal
